
Microsoft Visual Studio Solution File, Format Version 12.00
# Visual Studio Version 17
VisualStudioVersion = 17.7.34031.279
MinimumVisualStudioVersion = 10.0.40219.1
Project("{9A19103F-16F7-4668-BE54-9A1E7A4F7556}") = "MiscToolsForMD.Libs", "MiscToolsForMD.Libs\MiscToolsForMD.Libs.csproj", "{20FCA61A-B9EF-46C9-971E-48F2BE756E1E}"
EndProject
Project("{9A19103F-16F7-4668-BE54-9A1E7A4F7556}") = "MiscToolsForMD.RealtimeStatistics", "MiscToolsForMD.RealtimeStatistics\MiscToolsForMD.RealtimeStatistics.csproj", "{B72CBC89-E250-4CFB-9690-38D1D6CFB891}"
EndProject
Project("{9A19103F-16F7-4668-BE54-9A1E7A4F7556}") = "MiscToolsForMD.SyncLyrics", "MiscToolsForMD.SyncLyrics\MiscToolsForMD.SyncLyrics.csproj", "{C9A8C287-A7AE-45BD-9565-12CBB4B038AA}"
EndProject
Global
	GlobalSection(SolutionConfigurationPlatforms) = preSolution
		Debug|Any CPU = Debug|Any CPU
		Release|Any CPU = Release|Any CPU
	EndGlobalSection
	GlobalSection(ProjectConfigurationPlatforms) = postSolution
		{20FCA61A-B9EF-46C9-971E-48F2BE756E1E}.Debug|Any CPU.ActiveCfg = Debug|Any CPU
		{20FCA61A-B9EF-46C9-971E-48F2BE756E1E}.Debug|Any CPU.Build.0 = Debug|Any CPU
		{20FCA61A-B9EF-46C9-971E-48F2BE756E1E}.Release|Any CPU.ActiveCfg = Release|Any CPU
		{20FCA61A-B9EF-46C9-971E-48F2BE756E1E}.Release|Any CPU.Build.0 = Release|Any CPU
		{B72CBC89-E250-4CFB-9690-38D1D6CFB891}.Debug|Any CPU.ActiveCfg = Debug|Any CPU
		{B72CBC89-E250-4CFB-9690-38D1D6CFB891}.Debug|Any CPU.Build.0 = Debug|Any CPU
		{B72CBC89-E250-4CFB-9690-38D1D6CFB891}.Release|Any CPU.ActiveCfg = Release|Any CPU
		{B72CBC89-E250-4CFB-9690-38D1D6CFB891}.Release|Any CPU.Build.0 = Release|Any CPU
		{C9A8C287-A7AE-45BD-9565-12CBB4B038AA}.Debug|Any CPU.ActiveCfg = Debug|Any CPU
		{C9A8C287-A7AE-45BD-9565-12CBB4B038AA}.Debug|Any CPU.Build.0 = Debug|Any CPU
		{C9A8C287-A7AE-45BD-9565-12CBB4B038AA}.Release|Any CPU.ActiveCfg = Release|Any CPU
		{C9A8C287-A7AE-45BD-9565-12CBB4B038AA}.Release|Any CPU.Build.0 = Release|Any CPU
	EndGlobalSection
	GlobalSection(SolutionProperties) = preSolution
		HideSolutionNode = FALSE
	EndGlobalSection
	GlobalSection(ExtensibilityGlobals) = postSolution
		SolutionGuid = {5B13940D-C6DD-41CA-9DAA-EC71353FFDA5}
	EndGlobalSection
EndGlobal
