
Microsoft Visual Studio Solution File, Format Version 12.00
# Visual Studio Version 17
VisualStudioVersion = 17.6.33801.468
MinimumVisualStudioVersion = 10.0.40219.1
Project("{FAE04EC0-301F-11D3-BF4B-00C04F79EFBC}") = "MiscToolsForMD", "MiscToolsForMD\MiscToolsForMD.csproj", "{430B9960-ADD0-42E4-8A3D-90653AD7E3B3}"
EndProject
Project("{2150E333-8FDC-42A3-9474-1A3956D46DE8}") = "解决方案项", "解决方案项", "{2679603B-407E-4038-8C54-D44C88A4A519}"
	ProjectSection(SolutionItems) = preProject
		.editorconfig = .editorconfig
	EndProjectSection
EndProject
Project("{FAE04EC0-301F-11D3-BF4B-00C04F79EFBC}") = "MiscToolsForMD.Events", "MiscToolsForMD.Events\MiscToolsForMD.Events.csproj", "{B17D868A-321E-4CDD-9703-19049A375F4A}"
EndProject
Project("{FAE04EC0-301F-11D3-BF4B-00C04F79EFBC}") = "MiscToolsForMD.Libs", "MiscToolsForMD.Libs\MiscToolsForMD.Libs.csproj", "{BD718CAA-21C1-404C-8420-A6513FA2776B}"
EndProject
Global
	GlobalSection(SolutionConfigurationPlatforms) = preSolution
		Debug|Any CPU = Debug|Any CPU
		Release|Any CPU = Release|Any CPU
	EndGlobalSection
	GlobalSection(ProjectConfigurationPlatforms) = postSolution
		{430B9960-ADD0-42E4-8A3D-90653AD7E3B3}.Debug|Any CPU.ActiveCfg = Debug|Any CPU
		{430B9960-ADD0-42E4-8A3D-90653AD7E3B3}.Debug|Any CPU.Build.0 = Debug|Any CPU
		{430B9960-ADD0-42E4-8A3D-90653AD7E3B3}.Release|Any CPU.ActiveCfg = Release|Any CPU
		{430B9960-ADD0-42E4-8A3D-90653AD7E3B3}.Release|Any CPU.Build.0 = Release|Any CPU
		{B17D868A-321E-4CDD-9703-19049A375F4A}.Debug|Any CPU.ActiveCfg = Debug|Any CPU
		{B17D868A-321E-4CDD-9703-19049A375F4A}.Debug|Any CPU.Build.0 = Debug|Any CPU
		{B17D868A-321E-4CDD-9703-19049A375F4A}.Release|Any CPU.ActiveCfg = Release|Any CPU
		{B17D868A-321E-4CDD-9703-19049A375F4A}.Release|Any CPU.Build.0 = Release|Any CPU
		{BD718CAA-21C1-404C-8420-A6513FA2776B}.Debug|Any CPU.ActiveCfg = Debug|Any CPU
		{BD718CAA-21C1-404C-8420-A6513FA2776B}.Debug|Any CPU.Build.0 = Debug|Any CPU
		{BD718CAA-21C1-404C-8420-A6513FA2776B}.Release|Any CPU.ActiveCfg = Release|Any CPU
		{BD718CAA-21C1-404C-8420-A6513FA2776B}.Release|Any CPU.Build.0 = Release|Any CPU
	EndGlobalSection
	GlobalSection(SolutionProperties) = preSolution
		HideSolutionNode = FALSE
	EndGlobalSection
	GlobalSection(ExtensibilityGlobals) = postSolution
		SolutionGuid = {B7AC24B3-54C4-4ADD-A437-A7D7965E68D4}
	EndGlobalSection
EndGlobal
